
Microsoft Visual Studio Solution File, Format Version 12.00
# Visual Studio Version 17
VisualStudioVersion = 17.2.32505.173
MinimumVisualStudioVersion = 10.0.40219.1
Project("{FAE04EC0-301F-11D3-BF4B-00C04F79EFBC}") = "exercicio04", "exercicio04.csproj", "{571C5CB0-763A-49FA-8F45-0B712E9642C5}"
EndProject
Global
	GlobalSection(SolutionConfigurationPlatforms) = preSolution
		Debug|Any CPU = Debug|Any CPU
		Release|Any CPU = Release|Any CPU
	EndGlobalSection
	GlobalSection(ProjectConfigurationPlatforms) = postSolution
		{571C5CB0-763A-49FA-8F45-0B712E9642C5}.Debug|Any CPU.ActiveCfg = Debug|Any CPU
		{571C5CB0-763A-49FA-8F45-0B712E9642C5}.Debug|Any CPU.Build.0 = Debug|Any CPU
		{571C5CB0-763A-49FA-8F45-0B712E9642C5}.Release|Any CPU.ActiveCfg = Release|Any CPU
		{571C5CB0-763A-49FA-8F45-0B712E9642C5}.Release|Any CPU.Build.0 = Release|Any CPU
	EndGlobalSection
	GlobalSection(SolutionProperties) = preSolution
		HideSolutionNode = FALSE
	EndGlobalSection
	GlobalSection(ExtensibilityGlobals) = postSolution
		SolutionGuid = {DB763651-CBE0-4910-8F33-2DB988501681}
	EndGlobalSection
EndGlobal
