
Microsoft Visual Studio Solution File, Format Version 12.00
# Visual Studio Version 17
VisualStudioVersion = 17.2.32505.173
MinimumVisualStudioVersion = 10.0.40219.1
Project("{FAE04EC0-301F-11D3-BF4B-00C04F79EFBC}") = "exercicio19", "exercicio19.csproj", "{D9ABBC9C-A3EC-44F4-AFA5-993CEC5989C3}"
EndProject
Global
	GlobalSection(SolutionConfigurationPlatforms) = preSolution
		Debug|Any CPU = Debug|Any CPU
		Release|Any CPU = Release|Any CPU
	EndGlobalSection
	GlobalSection(ProjectConfigurationPlatforms) = postSolution
		{D9ABBC9C-A3EC-44F4-AFA5-993CEC5989C3}.Debug|Any CPU.ActiveCfg = Debug|Any CPU
		{D9ABBC9C-A3EC-44F4-AFA5-993CEC5989C3}.Debug|Any CPU.Build.0 = Debug|Any CPU
		{D9ABBC9C-A3EC-44F4-AFA5-993CEC5989C3}.Release|Any CPU.ActiveCfg = Release|Any CPU
		{D9ABBC9C-A3EC-44F4-AFA5-993CEC5989C3}.Release|Any CPU.Build.0 = Release|Any CPU
	EndGlobalSection
	GlobalSection(SolutionProperties) = preSolution
		HideSolutionNode = FALSE
	EndGlobalSection
	GlobalSection(ExtensibilityGlobals) = postSolution
		SolutionGuid = {B163666B-6140-4C5B-BAAA-5D80E5DB1F40}
	EndGlobalSection
EndGlobal
