
Microsoft Visual Studio Solution File, Format Version 12.00
# Visual Studio Version 17
VisualStudioVersion = 17.2.32516.85
MinimumVisualStudioVersion = 10.0.40219.1
Project("{FAE04EC0-301F-11D3-BF4B-00C04F79EFBC}") = "exercicio04", "exercicio04.csproj", "{F967A859-EA04-43E4-85D4-01BBA04F24B5}"
EndProject
Global
	GlobalSection(SolutionConfigurationPlatforms) = preSolution
		Debug|Any CPU = Debug|Any CPU
		Release|Any CPU = Release|Any CPU
	EndGlobalSection
	GlobalSection(ProjectConfigurationPlatforms) = postSolution
		{F967A859-EA04-43E4-85D4-01BBA04F24B5}.Debug|Any CPU.ActiveCfg = Debug|Any CPU
		{F967A859-EA04-43E4-85D4-01BBA04F24B5}.Debug|Any CPU.Build.0 = Debug|Any CPU
		{F967A859-EA04-43E4-85D4-01BBA04F24B5}.Release|Any CPU.ActiveCfg = Release|Any CPU
		{F967A859-EA04-43E4-85D4-01BBA04F24B5}.Release|Any CPU.Build.0 = Release|Any CPU
	EndGlobalSection
	GlobalSection(SolutionProperties) = preSolution
		HideSolutionNode = FALSE
	EndGlobalSection
	GlobalSection(ExtensibilityGlobals) = postSolution
		SolutionGuid = {20A58E1A-0A72-445B-B3EA-F7A17F3B7A98}
	EndGlobalSection
EndGlobal
