
Microsoft Visual Studio Solution File, Format Version 12.00
# Visual Studio Version 17
VisualStudioVersion = 17.2.32505.173
MinimumVisualStudioVersion = 10.0.40219.1
Project("{FAE04EC0-301F-11D3-BF4B-00C04F79EFBC}") = "exercicio16", "exercicio16.csproj", "{743CDF82-E564-44C7-A170-E350CF819151}"
EndProject
Global
	GlobalSection(SolutionConfigurationPlatforms) = preSolution
		Debug|Any CPU = Debug|Any CPU
		Release|Any CPU = Release|Any CPU
	EndGlobalSection
	GlobalSection(ProjectConfigurationPlatforms) = postSolution
		{743CDF82-E564-44C7-A170-E350CF819151}.Debug|Any CPU.ActiveCfg = Debug|Any CPU
		{743CDF82-E564-44C7-A170-E350CF819151}.Debug|Any CPU.Build.0 = Debug|Any CPU
		{743CDF82-E564-44C7-A170-E350CF819151}.Release|Any CPU.ActiveCfg = Release|Any CPU
		{743CDF82-E564-44C7-A170-E350CF819151}.Release|Any CPU.Build.0 = Release|Any CPU
	EndGlobalSection
	GlobalSection(SolutionProperties) = preSolution
		HideSolutionNode = FALSE
	EndGlobalSection
	GlobalSection(ExtensibilityGlobals) = postSolution
		SolutionGuid = {C87F0199-F2CD-4920-962C-94C08B719ED7}
	EndGlobalSection
EndGlobal
