
Microsoft Visual Studio Solution File, Format Version 12.00
# Visual Studio Version 17
VisualStudioVersion = 17.2.32526.322
MinimumVisualStudioVersion = 10.0.40219.1
Project("{FAE04EC0-301F-11D3-BF4B-00C04F79EFBC}") = "exercicio09BD", "exercicio09BD.csproj", "{26B4382F-C83E-464E-8639-AE6DCD8B57FD}"
EndProject
Global
	GlobalSection(SolutionConfigurationPlatforms) = preSolution
		Debug|Any CPU = Debug|Any CPU
		Release|Any CPU = Release|Any CPU
	EndGlobalSection
	GlobalSection(ProjectConfigurationPlatforms) = postSolution
		{26B4382F-C83E-464E-8639-AE6DCD8B57FD}.Debug|Any CPU.ActiveCfg = Debug|Any CPU
		{26B4382F-C83E-464E-8639-AE6DCD8B57FD}.Debug|Any CPU.Build.0 = Debug|Any CPU
		{26B4382F-C83E-464E-8639-AE6DCD8B57FD}.Release|Any CPU.ActiveCfg = Release|Any CPU
		{26B4382F-C83E-464E-8639-AE6DCD8B57FD}.Release|Any CPU.Build.0 = Release|Any CPU
	EndGlobalSection
	GlobalSection(SolutionProperties) = preSolution
		HideSolutionNode = FALSE
	EndGlobalSection
	GlobalSection(ExtensibilityGlobals) = postSolution
		SolutionGuid = {44442ABB-BB04-4396-A767-79CB21A5C8E0}
	EndGlobalSection
EndGlobal
