
Microsoft Visual Studio Solution File, Format Version 12.00
# Visual Studio Version 17
VisualStudioVersion = 17.2.32526.322
MinimumVisualStudioVersion = 10.0.40219.1
Project("{FAE04EC0-301F-11D3-BF4B-00C04F79EFBC}") = "ConexaoAoBanco", "ConexaoAoBanco.csproj", "{476C11A0-946D-429E-86CB-6958B8E1592F}"
EndProject
Global
	GlobalSection(SolutionConfigurationPlatforms) = preSolution
		Debug|Any CPU = Debug|Any CPU
		Release|Any CPU = Release|Any CPU
	EndGlobalSection
	GlobalSection(ProjectConfigurationPlatforms) = postSolution
		{476C11A0-946D-429E-86CB-6958B8E1592F}.Debug|Any CPU.ActiveCfg = Debug|Any CPU
		{476C11A0-946D-429E-86CB-6958B8E1592F}.Debug|Any CPU.Build.0 = Debug|Any CPU
		{476C11A0-946D-429E-86CB-6958B8E1592F}.Release|Any CPU.ActiveCfg = Release|Any CPU
		{476C11A0-946D-429E-86CB-6958B8E1592F}.Release|Any CPU.Build.0 = Release|Any CPU
	EndGlobalSection
	GlobalSection(SolutionProperties) = preSolution
		HideSolutionNode = FALSE
	EndGlobalSection
	GlobalSection(ExtensibilityGlobals) = postSolution
		SolutionGuid = {82669147-354D-4CF9-82CE-BAAB6720EA8D}
	EndGlobalSection
EndGlobal
