
Microsoft Visual Studio Solution File, Format Version 12.00
# Visual Studio Version 17
VisualStudioVersion = 17.2.32516.85
MinimumVisualStudioVersion = 10.0.40219.1
Project("{FAE04EC0-301F-11D3-BF4B-00C04F79EFBC}") = "exercicio06", "exercicio06.csproj", "{DC85E371-E906-432F-B73B-C7FB5C678058}"
EndProject
Global
	GlobalSection(SolutionConfigurationPlatforms) = preSolution
		Debug|Any CPU = Debug|Any CPU
		Release|Any CPU = Release|Any CPU
	EndGlobalSection
	GlobalSection(ProjectConfigurationPlatforms) = postSolution
		{DC85E371-E906-432F-B73B-C7FB5C678058}.Debug|Any CPU.ActiveCfg = Debug|Any CPU
		{DC85E371-E906-432F-B73B-C7FB5C678058}.Debug|Any CPU.Build.0 = Debug|Any CPU
		{DC85E371-E906-432F-B73B-C7FB5C678058}.Release|Any CPU.ActiveCfg = Release|Any CPU
		{DC85E371-E906-432F-B73B-C7FB5C678058}.Release|Any CPU.Build.0 = Release|Any CPU
	EndGlobalSection
	GlobalSection(SolutionProperties) = preSolution
		HideSolutionNode = FALSE
	EndGlobalSection
	GlobalSection(ExtensibilityGlobals) = postSolution
		SolutionGuid = {6412DA71-A45C-4F7D-854F-43182C591BCC}
	EndGlobalSection
EndGlobal
