
Microsoft Visual Studio Solution File, Format Version 12.00
# Visual Studio Version 17
VisualStudioVersion = 17.1.32421.90
MinimumVisualStudioVersion = 10.0.40219.1
Project("{FAE04EC0-301F-11D3-BF4B-00C04F79EFBC}") = "exercicio11", "exercicio11.csproj", "{3C2872DF-680F-4E78-8065-50B1924004A6}"
EndProject
Global
	GlobalSection(SolutionConfigurationPlatforms) = preSolution
		Debug|Any CPU = Debug|Any CPU
		Release|Any CPU = Release|Any CPU
	EndGlobalSection
	GlobalSection(ProjectConfigurationPlatforms) = postSolution
		{3C2872DF-680F-4E78-8065-50B1924004A6}.Debug|Any CPU.ActiveCfg = Debug|Any CPU
		{3C2872DF-680F-4E78-8065-50B1924004A6}.Debug|Any CPU.Build.0 = Debug|Any CPU
		{3C2872DF-680F-4E78-8065-50B1924004A6}.Release|Any CPU.ActiveCfg = Release|Any CPU
		{3C2872DF-680F-4E78-8065-50B1924004A6}.Release|Any CPU.Build.0 = Release|Any CPU
	EndGlobalSection
	GlobalSection(SolutionProperties) = preSolution
		HideSolutionNode = FALSE
	EndGlobalSection
	GlobalSection(ExtensibilityGlobals) = postSolution
		SolutionGuid = {7A48BDB0-C73B-45DF-A013-3C9416E889D1}
	EndGlobalSection
EndGlobal
