
Microsoft Visual Studio Solution File, Format Version 12.00
# Visual Studio Version 17
VisualStudioVersion = 17.1.32421.90
MinimumVisualStudioVersion = 10.0.40219.1
Project("{FAE04EC0-301F-11D3-BF4B-00C04F79EFBC}") = "Exercicio7", "Exercicio7.csproj", "{2B365798-9BBF-43B0-A005-22EB1151AE3B}"
EndProject
Global
	GlobalSection(SolutionConfigurationPlatforms) = preSolution
		Debug|Any CPU = Debug|Any CPU
		Release|Any CPU = Release|Any CPU
	EndGlobalSection
	GlobalSection(ProjectConfigurationPlatforms) = postSolution
		{2B365798-9BBF-43B0-A005-22EB1151AE3B}.Debug|Any CPU.ActiveCfg = Debug|Any CPU
		{2B365798-9BBF-43B0-A005-22EB1151AE3B}.Debug|Any CPU.Build.0 = Debug|Any CPU
		{2B365798-9BBF-43B0-A005-22EB1151AE3B}.Release|Any CPU.ActiveCfg = Release|Any CPU
		{2B365798-9BBF-43B0-A005-22EB1151AE3B}.Release|Any CPU.Build.0 = Release|Any CPU
	EndGlobalSection
	GlobalSection(SolutionProperties) = preSolution
		HideSolutionNode = FALSE
	EndGlobalSection
	GlobalSection(ExtensibilityGlobals) = postSolution
		SolutionGuid = {186AC8B5-9645-4952-BEDC-0E605856A468}
	EndGlobalSection
EndGlobal
